{
  "pins" : [
    {
      "identity" : "arcgis-maps-sdk-swift",
      "kind" : "remoteSourceControl",
      "location" : "https://github.com/Esri/arcgis-maps-sdk-swift",
      "state" : {
        "revision" : "6fe1517b11451bbbed6266e9e63f4a7a6d48a81b",
        "version" : "200.3.0"
      }
    },
    {
      "identity" : "arcgis-maps-sdk-swift-toolkit",
      "kind" : "remoteSourceControl",
      "location" : "https://github.com/Esri/arcgis-maps-sdk-swift-toolkit",
      "state" : {
        "revision" : "99988c2160d2932f542d90a432718abd102b5895",
        "version" : "200.3.0"
      }
    },
    {
      "identity" : "sdwebimage",
      "kind" : "remoteSourceControl",
      "location" : "https://github.com/SDWebImage/SDWebImage.git",
      "state" : {
        "revision" : "fd010e54231331fc19338f81c6d072cd9ace2825",
        "version" : "5.18.8"
      }
    },
    {
      "identity" : "sdwebimageswiftui",
      "kind" : "remoteSourceControl",
      "location" : "https://github.com/SDWebImage/SDWebImageSwiftUI.git",
      "state" : {
        "revision" : "261b6cec35686d2dc192b809ab50742b4502a73b",
        "version" : "2.2.6"
      }
    }
  ],
  "version" : 2
}
